
Microsoft Visual Studio Solution File, Format Version 11.00
# Visual Studio 2010
Project("{8BC9CEB8-8B4A-11D0-8D11-00A0C91BC942}") = "simple_ray_tracer", "simple_ray_tracer\simple_ray_tracer.vcxproj", "{3891698A-E552-4593-A172-D4D080F91BCE}"
EndProject
Global
	GlobalSection(SolutionConfigurationPlatforms) = preSolution
		Debug|Win32 = Debug|Win32
		Release|Win32 = Release|Win32
	EndGlobalSection
	GlobalSection(ProjectConfigurationPlatforms) = postSolution
		{3891698A-E552-4593-A172-D4D080F91BCE}.Debug|Win32.ActiveCfg = Debug|Win32
		{3891698A-E552-4593-A172-D4D080F91BCE}.Debug|Win32.Build.0 = Debug|Win32
		{3891698A-E552-4593-A172-D4D080F91BCE}.Release|Win32.ActiveCfg = Release|Win32
		{3891698A-E552-4593-A172-D4D080F91BCE}.Release|Win32.Build.0 = Release|Win32
	EndGlobalSection
	GlobalSection(SolutionProperties) = preSolution
		HideSolutionNode = FALSE
	EndGlobalSection
EndGlobal
